<?xml version="1.0" encoding="utf-8"?>
<Project ToolsVersion="4.0" xmlns="http://schemas.microsoft.com/developer/msbuild/2003">
  <ItemGroup>
    <Filter Include="inc">
      <UniqueIdentifier>{1F80880B-8B89-887C-1405-9F7C800D947C}</UniqueIdentifier>
    </Filter>
    <Filter Include="inc\Chalcedony">
      <UniqueIdentifier>{4862D62C-3430-CA32-1DC4-3A590931A697}</UniqueIdentifier>
    </Filter>
    <Filter Include="inc\Chalcedony\Automata">
      <UniqueIdentifier>{F37DB7D0-5FB5-FF67-68BF-638BD4752661}</UniqueIdentifier>
    </Filter>
    <Filter Include="inc\Chalcedony\CodeGen">
      <UniqueIdentifier>{0CF4E298-F8ED-0BEB-E15A-A2FBCDF37157}</UniqueIdentifier>
    </Filter>
    <Filter Include="inc\Chalcedony\Lexer">
      <UniqueIdentifier>{572234DA-43B1-BDA3-ECCF-D19ED83DCE49}</UniqueIdentifier>
    </Filter>
    <Filter Include="inc\Chalcedony\Parser">
      <UniqueIdentifier>{C49DC129-300A-7D24-F9FD-148265299F8C}</UniqueIdentifier>
    </Filter>
    <Filter Include="src">
      <UniqueIdentifier>{2DAB880B-99B4-887C-2230-9F7C8E38947C}</UniqueIdentifier>
    </Filter>
    <Filter Include="src\Chalcedony">
      <UniqueIdentifier>{96C8D4BA-8296-C8C0-6B2A-39E75797A425}</UniqueIdentifier>
    </Filter>
    <Filter Include="src\Chalcedony\Automata">
      <UniqueIdentifier>{01DC806D-6D13-C904-761D-2D28E2D3EFFD}</UniqueIdentifier>
    </Filter>
    <Filter Include="src\Chalcedony\CodeGen">
      <UniqueIdentifier>{5AC8D157-46C2-FAA9-2F2F-91BA1BC86016}</UniqueIdentifier>
    </Filter>
    <Filter Include="src\Chalcedony\Lexer">
      <UniqueIdentifier>{258B2597-111A-AF60-BA38-C35BA6A6BF06}</UniqueIdentifier>
    </Filter>
    <Filter Include="src\Chalcedony\Parser">
      <UniqueIdentifier>{5220E084-BE8C-9B7F-8780-33DDF3ABBDE7}</UniqueIdentifier>
    </Filter>
  </ItemGroup>
  <ItemGroup>
    <ClInclude Include="inc\Chalcedony\Automata\Automata.h">
      <Filter>inc\Chalcedony\Automata</Filter>
    </ClInclude>
    <ClInclude Include="inc\Chalcedony\Automata\NFA.hpp">
      <Filter>inc\Chalcedony\Automata</Filter>
    </ClInclude>
    <ClInclude Include="inc\Chalcedony\Automata\RegexBuilder.h">
      <Filter>inc\Chalcedony\Automata</Filter>
    </ClInclude>
    <ClInclude Include="inc\Chalcedony\Automata\State.hpp">
      <Filter>inc\Chalcedony\Automata</Filter>
    </ClInclude>
    <ClInclude Include="inc\Chalcedony\Chalcedony.h">
      <Filter>inc\Chalcedony</Filter>
    </ClInclude>
    <ClInclude Include="inc\Chalcedony\CodeGen\CodeGen.h">
      <Filter>inc\Chalcedony\CodeGen</Filter>
    </ClInclude>
    <ClInclude Include="inc\Chalcedony\CodeGen\GCodeGeneration.h">
      <Filter>inc\Chalcedony\CodeGen</Filter>
    </ClInclude>
    <ClInclude Include="inc\Chalcedony\CodeGen\IGCodeGeneration.h">
      <Filter>inc\Chalcedony\CodeGen</Filter>
    </ClInclude>
    <ClInclude Include="inc\Chalcedony\Defines.h">
      <Filter>inc\Chalcedony</Filter>
    </ClInclude>
    <ClInclude Include="inc\Chalcedony\FilePosition.h">
      <Filter>inc\Chalcedony</Filter>
    </ClInclude>
    <ClInclude Include="inc\Chalcedony\InputStream.h">
      <Filter>inc\Chalcedony</Filter>
    </ClInclude>
    <ClInclude Include="inc\Chalcedony\Lexer\CPPScanner.h">
      <Filter>inc\Chalcedony\Lexer</Filter>
    </ClInclude>
    <ClInclude Include="inc\Chalcedony\Lexer\CachedScanner.h">
      <Filter>inc\Chalcedony\Lexer</Filter>
    </ClInclude>
    <ClInclude Include="inc\Chalcedony\Lexer\GLexer.h">
      <Filter>inc\Chalcedony\Lexer</Filter>
    </ClInclude>
    <ClInclude Include="inc\Chalcedony\Lexer\IScanner.h">
      <Filter>inc\Chalcedony\Lexer</Filter>
    </ClInclude>
    <ClInclude Include="inc\Chalcedony\Lexer\Lexer.h">
      <Filter>inc\Chalcedony\Lexer</Filter>
    </ClInclude>
    <ClInclude Include="inc\Chalcedony\Lexer\Scanner.h">
      <Filter>inc\Chalcedony\Lexer</Filter>
    </ClInclude>
    <ClInclude Include="inc\Chalcedony\Lexer\Token.h">
      <Filter>inc\Chalcedony\Lexer</Filter>
    </ClInclude>
    <ClInclude Include="inc\Chalcedony\Log.h">
      <Filter>inc\Chalcedony</Filter>
    </ClInclude>
    <ClInclude Include="inc\Chalcedony\Parser\GParseTree.h">
      <Filter>inc\Chalcedony\Parser</Filter>
    </ClInclude>
    <ClInclude Include="inc\Chalcedony\Parser\GParser.h">
      <Filter>inc\Chalcedony\Parser</Filter>
    </ClInclude>
    <ClInclude Include="inc\Chalcedony\Parser\IParser.h">
      <Filter>inc\Chalcedony\Parser</Filter>
    </ClInclude>
    <ClInclude Include="inc\Chalcedony\Parser\Parser.h">
      <Filter>inc\Chalcedony\Parser</Filter>
    </ClInclude>
    <ClInclude Include="inc\Chalcedony\StringMarker.h">
      <Filter>inc\Chalcedony</Filter>
    </ClInclude>
    <ClInclude Include="inc\Chalcedony\Utilities.h">
      <Filter>inc\Chalcedony</Filter>
    </ClInclude>
  </ItemGroup>
  <ItemGroup>
    <ClCompile Include="src\Chalcedony\Automata\RegexBuilder.cpp">
      <Filter>src\Chalcedony\Automata</Filter>
    </ClCompile>
    <ClCompile Include="src\Chalcedony\CodeGen\GCodeGeneration.cpp">
      <Filter>src\Chalcedony\CodeGen</Filter>
    </ClCompile>
    <ClCompile Include="src\Chalcedony\CodeGen\IGCodeGeneration.cpp">
      <Filter>src\Chalcedony\CodeGen</Filter>
    </ClCompile>
    <ClCompile Include="src\Chalcedony\FilePosition.cpp">
      <Filter>src\Chalcedony</Filter>
    </ClCompile>
    <ClCompile Include="src\Chalcedony\InputStream.cpp">
      <Filter>src\Chalcedony</Filter>
    </ClCompile>
    <ClCompile Include="src\Chalcedony\Lexer\CachedScanner.cpp">
      <Filter>src\Chalcedony\Lexer</Filter>
    </ClCompile>
    <ClCompile Include="src\Chalcedony\Lexer\GLexer.cpp">
      <Filter>src\Chalcedony\Lexer</Filter>
    </ClCompile>
    <ClCompile Include="src\Chalcedony\Lexer\Scanner.cpp">
      <Filter>src\Chalcedony\Lexer</Filter>
    </ClCompile>
    <ClCompile Include="src\Chalcedony\Lexer\Token.cpp">
      <Filter>src\Chalcedony\Lexer</Filter>
    </ClCompile>
    <ClCompile Include="src\Chalcedony\Log.cpp">
      <Filter>src\Chalcedony</Filter>
    </ClCompile>
    <ClCompile Include="src\Chalcedony\Parser\GParseTree.cpp">
      <Filter>src\Chalcedony\Parser</Filter>
    </ClCompile>
    <ClCompile Include="src\Chalcedony\Parser\GParser.cpp">
      <Filter>src\Chalcedony\Parser</Filter>
    </ClCompile>
    <ClCompile Include="src\Chalcedony\Parser\IParser.cpp">
      <Filter>src\Chalcedony\Parser</Filter>
    </ClCompile>
    <ClCompile Include="src\Chalcedony\StringMarker.cpp">
      <Filter>src\Chalcedony</Filter>
    </ClCompile>
    <ClCompile Include="src\Chalcedony\Utilities.cpp">
      <Filter>src\Chalcedony</Filter>
    </ClCompile>
  </ItemGroup>
</Project>